
Microsoft Visual Studio Solution File, Format Version 12.00
# Visual Studio Version 17
VisualStudioVersion = 17.11.35327.3
MinimumVisualStudioVersion = 10.0.40219.1
Project("{9A19103F-16F7-4668-BE54-9A1E7A4F7556}") = "CurrencyService", "src\CurrencyService\CurrencyService.csproj", "{294CD553-970B-43D6-94A3-E2A32CC41B56}"
EndProject
Project("{9A19103F-16F7-4668-BE54-9A1E7A4F7556}") = "DatabaseLayer", "src\DatabaseLayer\DatabaseLayer.csproj", "{F1B6DC68-4749-42A3-9290-83FC05CBF5E3}"
EndProject
Project("{2150E333-8FDC-42A3-9474-1A3956D46DE8}") = "Solution Items", "Solution Items", "{E8AADA14-452B-4C2F-8EFD-B1A56DA42A2A}"
	ProjectSection(SolutionItems) = preProject
		Directory.Build.props = Directory.Build.props
		test.txt = test.txt
	EndProjectSection
EndProject
Project("{2150E333-8FDC-42A3-9474-1A3956D46DE8}") = "Services", "Services", "{6102A86C-10F4-4CA6-881B-AA036188A719}"
EndProject
Project("{2150E333-8FDC-42A3-9474-1A3956D46DE8}") = "Domain", "Domain", "{1DE65E00-A433-4211-81B5-8C8927EFF7D3}"
EndProject
Project("{2150E333-8FDC-42A3-9474-1A3956D46DE8}") = "Database", "Database", "{46AE39AF-5D31-4F7F-B58F-47C73628ACAE}"
EndProject
Project("{9A19103F-16F7-4668-BE54-9A1E7A4F7556}") = "Domain.Models", "src\Domain.Models\Domain.Models.csproj", "{2C14CAB4-8585-41A1-93A0-221E65F3F749}"
EndProject
Project("{9A19103F-16F7-4668-BE54-9A1E7A4F7556}") = "Services.Common", "src\Services.Common\Services.Common.csproj", "{6B4FBA2F-9482-48A5-A6B9-2C500082B4D8}"
EndProject
Project("{9A19103F-16F7-4668-BE54-9A1E7A4F7556}") = "CurrencyUpdater", "src\CurrencyUpdater\CurrencyUpdater.csproj", "{4B3B36F7-14EE-419F-8028-1FDE4D7322D2}"
EndProject
Project("{9A19103F-16F7-4668-BE54-9A1E7A4F7556}") = "Services.Dto", "src\Services.Dto\Services.Dto.csproj", "{CF864EF9-1655-4C3A-B435-436044E62EE7}"
EndProject
Project("{FAE04EC0-301F-11D3-BF4B-00C04F79EFBC}") = "MigrationAgent", "src\MigrationAgent\MigrationAgent.csproj", "{EEE44E4D-5BCA-43B5-AB1C-581DF53659AF}"
EndProject
Global
	GlobalSection(SolutionConfigurationPlatforms) = preSolution
		Debug|Any CPU = Debug|Any CPU
		Release|Any CPU = Release|Any CPU
	EndGlobalSection
	GlobalSection(ProjectConfigurationPlatforms) = postSolution
		{294CD553-970B-43D6-94A3-E2A32CC41B56}.Debug|Any CPU.ActiveCfg = Debug|Any CPU
		{294CD553-970B-43D6-94A3-E2A32CC41B56}.Debug|Any CPU.Build.0 = Debug|Any CPU
		{294CD553-970B-43D6-94A3-E2A32CC41B56}.Debug|Any CPU.Deploy.0 = Debug|Any CPU
		{294CD553-970B-43D6-94A3-E2A32CC41B56}.Release|Any CPU.ActiveCfg = Release|Any CPU
		{294CD553-970B-43D6-94A3-E2A32CC41B56}.Release|Any CPU.Build.0 = Release|Any CPU
		{F1B6DC68-4749-42A3-9290-83FC05CBF5E3}.Debug|Any CPU.ActiveCfg = Debug|Any CPU
		{F1B6DC68-4749-42A3-9290-83FC05CBF5E3}.Debug|Any CPU.Build.0 = Debug|Any CPU
		{F1B6DC68-4749-42A3-9290-83FC05CBF5E3}.Release|Any CPU.ActiveCfg = Release|Any CPU
		{F1B6DC68-4749-42A3-9290-83FC05CBF5E3}.Release|Any CPU.Build.0 = Release|Any CPU
		{2C14CAB4-8585-41A1-93A0-221E65F3F749}.Debug|Any CPU.ActiveCfg = Debug|Any CPU
		{2C14CAB4-8585-41A1-93A0-221E65F3F749}.Debug|Any CPU.Build.0 = Debug|Any CPU
		{2C14CAB4-8585-41A1-93A0-221E65F3F749}.Release|Any CPU.ActiveCfg = Release|Any CPU
		{2C14CAB4-8585-41A1-93A0-221E65F3F749}.Release|Any CPU.Build.0 = Release|Any CPU
		{6B4FBA2F-9482-48A5-A6B9-2C500082B4D8}.Debug|Any CPU.ActiveCfg = Debug|Any CPU
		{6B4FBA2F-9482-48A5-A6B9-2C500082B4D8}.Debug|Any CPU.Build.0 = Debug|Any CPU
		{6B4FBA2F-9482-48A5-A6B9-2C500082B4D8}.Release|Any CPU.ActiveCfg = Release|Any CPU
		{6B4FBA2F-9482-48A5-A6B9-2C500082B4D8}.Release|Any CPU.Build.0 = Release|Any CPU
		{4B3B36F7-14EE-419F-8028-1FDE4D7322D2}.Debug|Any CPU.ActiveCfg = Debug|Any CPU
		{4B3B36F7-14EE-419F-8028-1FDE4D7322D2}.Debug|Any CPU.Build.0 = Debug|Any CPU
		{4B3B36F7-14EE-419F-8028-1FDE4D7322D2}.Release|Any CPU.ActiveCfg = Release|Any CPU
		{4B3B36F7-14EE-419F-8028-1FDE4D7322D2}.Release|Any CPU.Build.0 = Release|Any CPU
		{CF864EF9-1655-4C3A-B435-436044E62EE7}.Debug|Any CPU.ActiveCfg = Debug|Any CPU
		{CF864EF9-1655-4C3A-B435-436044E62EE7}.Debug|Any CPU.Build.0 = Debug|Any CPU
		{CF864EF9-1655-4C3A-B435-436044E62EE7}.Release|Any CPU.ActiveCfg = Release|Any CPU
		{CF864EF9-1655-4C3A-B435-436044E62EE7}.Release|Any CPU.Build.0 = Release|Any CPU
		{EEE44E4D-5BCA-43B5-AB1C-581DF53659AF}.Debug|Any CPU.ActiveCfg = Debug|Any CPU
		{EEE44E4D-5BCA-43B5-AB1C-581DF53659AF}.Debug|Any CPU.Build.0 = Debug|Any CPU
		{EEE44E4D-5BCA-43B5-AB1C-581DF53659AF}.Release|Any CPU.ActiveCfg = Release|Any CPU
		{EEE44E4D-5BCA-43B5-AB1C-581DF53659AF}.Release|Any CPU.Build.0 = Release|Any CPU
	EndGlobalSection
	GlobalSection(SolutionProperties) = preSolution
		HideSolutionNode = FALSE
	EndGlobalSection
	GlobalSection(NestedProjects) = preSolution
		{294CD553-970B-43D6-94A3-E2A32CC41B56} = {6102A86C-10F4-4CA6-881B-AA036188A719}
		{F1B6DC68-4749-42A3-9290-83FC05CBF5E3} = {46AE39AF-5D31-4F7F-B58F-47C73628ACAE}
		{2C14CAB4-8585-41A1-93A0-221E65F3F749} = {1DE65E00-A433-4211-81B5-8C8927EFF7D3}
		{6B4FBA2F-9482-48A5-A6B9-2C500082B4D8} = {6102A86C-10F4-4CA6-881B-AA036188A719}
		{4B3B36F7-14EE-419F-8028-1FDE4D7322D2} = {6102A86C-10F4-4CA6-881B-AA036188A719}
		{CF864EF9-1655-4C3A-B435-436044E62EE7} = {6102A86C-10F4-4CA6-881B-AA036188A719}
		{EEE44E4D-5BCA-43B5-AB1C-581DF53659AF} = {6102A86C-10F4-4CA6-881B-AA036188A719}
	EndGlobalSection
EndGlobal
